// !$*UTF8*$!
{
	archiveVersion = 1;
	classes = {
	};
	objectVersion = 50;
	objects = {

/* Begin PBXBuildFile section */
		5FA30B8D675E0DE49F48F96A /* Pods_Flix.framework in Frameworks */ = {isa = PBXBuildFile; fileRef = 873D63AB00959D77CF892FD4 /* Pods_Flix.framework */; };
		AA09DECE2149721000C62353 /* DetailViewController.swift in Sources */ = {isa = PBXBuildFile; fileRef = AA09DECD2149721000C62353 /* DetailViewController.swift */; };
		AA21732E21403ACF00EB3787 /* NowPlayingViewController.swift in Sources */ = {isa = PBXBuildFile; fileRef = AA21732D21403ACF00EB3787 /* NowPlayingViewController.swift */; };
		AA21733021412B4600EB3787 /* movieCell.swift in Sources */ = {isa = PBXBuildFile; fileRef = AA21732F21412B4600EB3787 /* movieCell.swift */; };
		AA5889302142D3B400DB4A31 /* Connectivity.swift in Sources */ = {isa = PBXBuildFile; fileRef = AA58892F2142D3B400DB4A31 /* Connectivity.swift */; };
		AA6CC924214C0BBF006653EA /* PosterCell.swift in Sources */ = {isa = PBXBuildFile; fileRef = AA6CC923214C0BBF006653EA /* PosterCell.swift */; };
		AA6CC926214C0C0D006653EA /* SuperHeroViewController.swift in Sources */ = {isa = PBXBuildFile; fileRef = AA6CC925214C0C0D006653EA /* SuperHeroViewController.swift */; };
		AAD54E1221402A3500FCB22F /* AppDelegate.swift in Sources */ = {isa = PBXBuildFile; fileRef = AAD54E1121402A3500FCB22F /* AppDelegate.swift */; };
		AAD54E1721402A3500FCB22F /* Main.storyboard in Resources */ = {isa = PBXBuildFile; fileRef = AAD54E1521402A3500FCB22F /* Main.storyboard */; };
		AAD54E1921402A3800FCB22F /* Assets.xcassets in Resources */ = {isa = PBXBuildFile; fileRef = AAD54E1821402A3800FCB22F /* Assets.xcassets */; };
		AAD54E1C21402A3800FCB22F /* LaunchScreen.storyboard in Resources */ = {isa = PBXBuildFile; fileRef = AAD54E1A21402A3800FCB22F /* LaunchScreen.storyboard */; };
		AAD54E2721402A3900FCB22F /* FlixTests.swift in Sources */ = {isa = PBXBuildFile; fileRef = AAD54E2621402A3900FCB22F /* FlixTests.swift */; };
		AAD54E3221402A3900FCB22F /* FlixUITests.swift in Sources */ = {isa = PBXBuildFile; fileRef = AAD54E3121402A3900FCB22F /* FlixUITests.swift */; };
		C69CC0F5BA556F468115C9E3 /* Pods_FlixTests.framework in Frameworks */ = {isa = PBXBuildFile; fileRef = 1FE7EBD17CDAC0A6B6C62785 /* Pods_FlixTests.framework */; };
		D4DDB8ADBCDEC8C5BF2CCEB2 /* Pods_FlixUITests.framework in Frameworks */ = {isa = PBXBuildFile; fileRef = 1736562125A9F9164CB2F51C /* Pods_FlixUITests.framework */; };
/* End PBXBuildFile section */

/* Begin PBXContainerItemProxy section */
		AAD54E2321402A3900FCB22F /* PBXContainerItemProxy */ = {
			isa = PBXContainerItemProxy;
			containerPortal = AAD54E0621402A3500FCB22F /* Project object */;
			proxyType = 1;
			remoteGlobalIDString = AAD54E0D21402A3500FCB22F;
			remoteInfo = Flix;
		};
		AAD54E2E21402A3900FCB22F /* PBXContainerItemProxy */ = {
			isa = PBXContainerItemProxy;
			containerPortal = AAD54E0621402A3500FCB22F /* Project object */;
			proxyType = 1;
			remoteGlobalIDString = AAD54E0D21402A3500FCB22F;
			remoteInfo = Flix;
		};
/* End PBXContainerItemProxy section */

/* Begin PBXFileReference section */
		067C4215B1F4D1F0FBC410E3 /* Pods-FlixTests.release.xcconfig */ = {isa = PBXFileReference; includeInIndex = 1; lastKnownFileType = text.xcconfig; name = "Pods-FlixTests.release.xcconfig"; path = "Pods/Target Support Files/Pods-FlixTests/Pods-FlixTests.release.xcconfig"; sourceTree = "<group>"; };
		1736562125A9F9164CB2F51C /* Pods_FlixUITests.framework */ = {isa = PBXFileReference; explicitFileType = wrapper.framework; includeInIndex = 0; path = Pods_FlixUITests.framework; sourceTree = BUILT_PRODUCTS_DIR; };
		18936F73AE37485ED3D2D941 /* Pods-Flix.debug.xcconfig */ = {isa = PBXFileReference; includeInIndex = 1; lastKnownFileType = text.xcconfig; name = "Pods-Flix.debug.xcconfig"; path = "Pods/Target Support Files/Pods-Flix/Pods-Flix.debug.xcconfig"; sourceTree = "<group>"; };
		1FE7EBD17CDAC0A6B6C62785 /* Pods_FlixTests.framework */ = {isa = PBXFileReference; explicitFileType = wrapper.framework; includeInIndex = 0; path = Pods_FlixTests.framework; sourceTree = BUILT_PRODUCTS_DIR; };
		652918EDA35F3C7ED5B0041B /* Pods-Flix.release.xcconfig */ = {isa = PBXFileReference; includeInIndex = 1; lastKnownFileType = text.xcconfig; name = "Pods-Flix.release.xcconfig"; path = "Pods/Target Support Files/Pods-Flix/Pods-Flix.release.xcconfig"; sourceTree = "<group>"; };
		7C53C144941AD2778D21367A /* Pods-FlixUITests.release.xcconfig */ = {isa = PBXFileReference; includeInIndex = 1; lastKnownFileType = text.xcconfig; name = "Pods-FlixUITests.release.xcconfig"; path = "Pods/Target Support Files/Pods-FlixUITests/Pods-FlixUITests.release.xcconfig"; sourceTree = "<group>"; };
		873D63AB00959D77CF892FD4 /* Pods_Flix.framework */ = {isa = PBXFileReference; explicitFileType = wrapper.framework; includeInIndex = 0; path = Pods_Flix.framework; sourceTree = BUILT_PRODUCTS_DIR; };
		8D39F69B6A9CF10AC7A290F2 /* Pods-FlixUITests.debug.xcconfig */ = {isa = PBXFileReference; includeInIndex = 1; lastKnownFileType = text.xcconfig; name = "Pods-FlixUITests.debug.xcconfig"; path = "Pods/Target Support Files/Pods-FlixUITests/Pods-FlixUITests.debug.xcconfig"; sourceTree = "<group>"; };
		AA09DECD2149721000C62353 /* DetailViewController.swift */ = {isa = PBXFileReference; lastKnownFileType = sourcecode.swift; path = DetailViewController.swift; sourceTree = "<group>"; };
		AA21732D21403ACF00EB3787 /* NowPlayingViewController.swift */ = {isa = PBXFileReference; lastKnownFileType = sourcecode.swift; path = NowPlayingViewController.swift; sourceTree = "<group>"; };
		AA21732F21412B4600EB3787 /* movieCell.swift */ = {isa = PBXFileReference; lastKnownFileType = sourcecode.swift; path = movieCell.swift; sourceTree = "<group>"; };
		AA58892F2142D3B400DB4A31 /* Connectivity.swift */ = {isa = PBXFileReference; lastKnownFileType = sourcecode.swift; path = Connectivity.swift; sourceTree = "<group>"; };
		AA6CC923214C0BBF006653EA /* PosterCell.swift */ = {isa = PBXFileReference; lastKnownFileType = sourcecode.swift; path = PosterCell.swift; sourceTree = "<group>"; };
		AA6CC925214C0C0D006653EA /* SuperHeroViewController.swift */ = {isa = PBXFileReference; lastKnownFileType = sourcecode.swift; path = SuperHeroViewController.swift; sourceTree = "<group>"; };
		AAD54E0E21402A3500FCB22F /* Flix.app */ = {isa = PBXFileReference; explicitFileType = wrapper.application; includeInIndex = 0; path = Flix.app; sourceTree = BUILT_PRODUCTS_DIR; };
		AAD54E1121402A3500FCB22F /* AppDelegate.swift */ = {isa = PBXFileReference; lastKnownFileType = sourcecode.swift; path = AppDelegate.swift; sourceTree = "<group>"; };
		AAD54E1621402A3500FCB22F /* Base */ = {isa = PBXFileReference; lastKnownFileType = file.storyboard; name = Base; path = Base.lproj/Main.storyboard; sourceTree = "<group>"; };
		AAD54E1821402A3800FCB22F /* Assets.xcassets */ = {isa = PBXFileReference; lastKnownFileType = folder.assetcatalog; path = Assets.xcassets; sourceTree = "<group>"; };
		AAD54E1B21402A3800FCB22F /* Base */ = {isa = PBXFileReference; lastKnownFileType = file.storyboard; name = Base; path = Base.lproj/LaunchScreen.storyboard; sourceTree = "<group>"; };
		AAD54E1D21402A3800FCB22F /* Info.plist */ = {isa = PBXFileReference; lastKnownFileType = text.plist.xml; path = Info.plist; sourceTree = "<group>"; };
		AAD54E2221402A3900FCB22F /* FlixTests.xctest */ = {isa = PBXFileReference; explicitFileType = wrapper.cfbundle; includeInIndex = 0; path = FlixTests.xctest; sourceTree = BUILT_PRODUCTS_DIR; };
		AAD54E2621402A3900FCB22F /* FlixTests.swift */ = {isa = PBXFileReference; lastKnownFileType = sourcecode.swift; path = FlixTests.swift; sourceTree = "<group>"; };
		AAD54E2821402A3900FCB22F /* Info.plist */ = {isa = PBXFileReference; lastKnownFileType = text.plist.xml; path = Info.plist; sourceTree = "<group>"; };
		AAD54E2D21402A3900FCB22F /* FlixUITests.xctest */ = {isa = PBXFileReference; explicitFileType = wrapper.cfbundle; includeInIndex = 0; path = FlixUITests.xctest; sourceTree = BUILT_PRODUCTS_DIR; };
		AAD54E3121402A3900FCB22F /* FlixUITests.swift */ = {isa = PBXFileReference; lastKnownFileType = sourcecode.swift; path = FlixUITests.swift; sourceTree = "<group>"; };
		AAD54E3321402A3900FCB22F /* Info.plist */ = {isa = PBXFileReference; lastKnownFileType = text.plist.xml; path = Info.plist; sourceTree = "<group>"; };
		D2398727548ABE91CB4618ED /* Pods-FlixTests.debug.xcconfig */ = {isa = PBXFileReference; includeInIndex = 1; lastKnownFileType = text.xcconfig; name = "Pods-FlixTests.debug.xcconfig"; path = "Pods/Target Support Files/Pods-FlixTests/Pods-FlixTests.debug.xcconfig"; sourceTree = "<group>"; };
/* End PBXFileReference section */

/* Begin PBXFrameworksBuildPhase section */
		AAD54E0B21402A3500FCB22F /* Frameworks */ = {
			isa = PBXFrameworksBuildPhase;
			buildActionMask = 2147483647;
			files = (
				5FA30B8D675E0DE49F48F96A /* Pods_Flix.framework in Frameworks */,
			);
			runOnlyForDeploymentPostprocessing = 0;
		};
		AAD54E1F21402A3900FCB22F /* Frameworks */ = {
			isa = PBXFrameworksBuildPhase;
			buildActionMask = 2147483647;
			files = (
				C69CC0F5BA556F468115C9E3 /* Pods_FlixTests.framework in Frameworks */,
			);
			runOnlyForDeploymentPostprocessing = 0;
		};
		AAD54E2A21402A3900FCB22F /* Frameworks */ = {
			isa = PBXFrameworksBuildPhase;
			buildActionMask = 2147483647;
			files = (
				D4DDB8ADBCDEC8C5BF2CCEB2 /* Pods_FlixUITests.framework in Frameworks */,
			);
			runOnlyForDeploymentPostprocessing = 0;
		};
/* End PBXFrameworksBuildPhase section */

/* Begin PBXGroup section */
		67577DE33DD464B6EAE1094B /* Frameworks */ = {
			isa = PBXGroup;
			children = (
				873D63AB00959D77CF892FD4 /* Pods_Flix.framework */,
				1FE7EBD17CDAC0A6B6C62785 /* Pods_FlixTests.framework */,
				1736562125A9F9164CB2F51C /* Pods_FlixUITests.framework */,
			);
			name = Frameworks;
			sourceTree = "<group>";
		};
		AA09DECC214971D000C62353 /* Views */ = {
			isa = PBXGroup;
			children = (
				AA21732F21412B4600EB3787 /* movieCell.swift */,
				AA6CC923214C0BBF006653EA /* PosterCell.swift */,
			);
			path = Views;
			sourceTree = "<group>";
		};
		AA5889292142D22000DB4A31 /* ViewControllers */ = {
			isa = PBXGroup;
			children = (
				AA21732D21403ACF00EB3787 /* NowPlayingViewController.swift */,
				AA09DECD2149721000C62353 /* DetailViewController.swift */,
				AA6CC925214C0C0D006653EA /* SuperHeroViewController.swift */,
			);
			path = ViewControllers;
			sourceTree = "<group>";
		};
		AA58892A2142D23900DB4A31 /* Storyboards */ = {
			isa = PBXGroup;
			children = (
				AAD54E1A21402A3800FCB22F /* LaunchScreen.storyboard */,
				AAD54E1521402A3500FCB22F /* Main.storyboard */,
			);
			path = Storyboards;
			sourceTree = "<group>";
		};
		AAD54E0521402A3500FCB22F = {
			isa = PBXGroup;
			children = (
				AAD54E1021402A3500FCB22F /* Flix */,
				AAD54E2521402A3900FCB22F /* FlixTests */,
				AAD54E3021402A3900FCB22F /* FlixUITests */,
				AAD54E0F21402A3500FCB22F /* Products */,
				F2A2B272AF3D73B679C2A6CD /* Pods */,
				67577DE33DD464B6EAE1094B /* Frameworks */,
			);
			sourceTree = "<group>";
		};
		AAD54E0F21402A3500FCB22F /* Products */ = {
			isa = PBXGroup;
			children = (
				AAD54E0E21402A3500FCB22F /* Flix.app */,
				AAD54E2221402A3900FCB22F /* FlixTests.xctest */,
				AAD54E2D21402A3900FCB22F /* FlixUITests.xctest */,
			);
			name = Products;
			sourceTree = "<group>";
		};
		AAD54E1021402A3500FCB22F /* Flix */ = {
			isa = PBXGroup;
			children = (
				AA09DECC214971D000C62353 /* Views */,
				AA58892A2142D23900DB4A31 /* Storyboards */,
				AA5889292142D22000DB4A31 /* ViewControllers */,
				AAD54E1121402A3500FCB22F /* AppDelegate.swift */,
				AA58892F2142D3B400DB4A31 /* Connectivity.swift */,
				AAD54E1821402A3800FCB22F /* Assets.xcassets */,
				AAD54E1D21402A3800FCB22F /* Info.plist */,
			);
			path = Flix;
			sourceTree = "<group>";
		};
		AAD54E2521402A3900FCB22F /* FlixTests */ = {
			isa = PBXGroup;
			children = (
				AAD54E2621402A3900FCB22F /* FlixTests.swift */,
				AAD54E2821402A3900FCB22F /* Info.plist */,
			);
			path = FlixTests;
			sourceTree = "<group>";
		};
		AAD54E3021402A3900FCB22F /* FlixUITests */ = {
			isa = PBXGroup;
			children = (
				AAD54E3121402A3900FCB22F /* FlixUITests.swift */,
				AAD54E3321402A3900FCB22F /* Info.plist */,
			);
			path = FlixUITests;
			sourceTree = "<group>";
		};
		F2A2B272AF3D73B679C2A6CD /* Pods */ = {
			isa = PBXGroup;
			children = (
				18936F73AE37485ED3D2D941 /* Pods-Flix.debug.xcconfig */,
				652918EDA35F3C7ED5B0041B /* Pods-Flix.release.xcconfig */,
				D2398727548ABE91CB4618ED /* Pods-FlixTests.debug.xcconfig */,
				067C4215B1F4D1F0FBC410E3 /* Pods-FlixTests.release.xcconfig */,
				8D39F69B6A9CF10AC7A290F2 /* Pods-FlixUITests.debug.xcconfig */,
				7C53C144941AD2778D21367A /* Pods-FlixUITests.release.xcconfig */,
			);
			name = Pods;
			sourceTree = "<group>";
		};
/* End PBXGroup section */

/* Begin PBXNativeTarget section */
		AAD54E0D21402A3500FCB22F /* Flix */ = {
			isa = PBXNativeTarget;
			buildConfigurationList = AAD54E3621402A3900FCB22F /* Build configuration list for PBXNativeTarget "Flix" */;
			buildPhases = (
				3AF493C15842BE28F81AB2C6 /* [CP] Check Pods Manifest.lock */,
				AAD54E0A21402A3500FCB22F /* Sources */,
				AAD54E0B21402A3500FCB22F /* Frameworks */,
				AAD54E0C21402A3500FCB22F /* Resources */,
				E5DA89ACB5194252744C6C24 /* [CP] Embed Pods Frameworks */,
			);
			buildRules = (
			);
			dependencies = (
			);
			name = Flix;
			productName = Flix;
			productReference = AAD54E0E21402A3500FCB22F /* Flix.app */;
			productType = "com.apple.product-type.application";
		};
		AAD54E2121402A3900FCB22F /* FlixTests */ = {
			isa = PBXNativeTarget;
			buildConfigurationList = AAD54E3921402A3900FCB22F /* Build configuration list for PBXNativeTarget "FlixTests" */;
			buildPhases = (
				29259BFED86B65632BADCB17 /* [CP] Check Pods Manifest.lock */,
				AAD54E1E21402A3900FCB22F /* Sources */,
				AAD54E1F21402A3900FCB22F /* Frameworks */,
				AAD54E2021402A3900FCB22F /* Resources */,
			);
			buildRules = (
			);
			dependencies = (
				AAD54E2421402A3900FCB22F /* PBXTargetDependency */,
			);
			name = FlixTests;
			productName = FlixTests;
			productReference = AAD54E2221402A3900FCB22F /* FlixTests.xctest */;
			productType = "com.apple.product-type.bundle.unit-test";
		};
		AAD54E2C21402A3900FCB22F /* FlixUITests */ = {
			isa = PBXNativeTarget;
			buildConfigurationList = AAD54E3C21402A3900FCB22F /* Build configuration list for PBXNativeTarget "FlixUITests" */;
			buildPhases = (
				2861335CC22132D0D327A3B6 /* [CP] Check Pods Manifest.lock */,
				AAD54E2921402A3900FCB22F /* Sources */,
				AAD54E2A21402A3900FCB22F /* Frameworks */,
				AAD54E2B21402A3900FCB22F /* Resources */,
			);
			buildRules = (
			);
			dependencies = (
				AAD54E2F21402A3900FCB22F /* PBXTargetDependency */,
			);
			name = FlixUITests;
			productName = FlixUITests;
			productReference = AAD54E2D21402A3900FCB22F /* FlixUITests.xctest */;
			productType = "com.apple.product-type.bundle.ui-testing";
		};
/* End PBXNativeTarget section */

/* Begin PBXProject section */
		AAD54E0621402A3500FCB22F /* Project object */ = {
			isa = PBXProject;
			attributes = {
				LastSwiftUpdateCheck = 0940;
				LastUpgradeCheck = 0940;
				ORGANIZATIONNAME = "Francisco Hernanedz";
				TargetAttributes = {
					AAD54E0D21402A3500FCB22F = {
						CreatedOnToolsVersion = 9.4.1;
					};
					AAD54E2121402A3900FCB22F = {
						CreatedOnToolsVersion = 9.4.1;
						TestTargetID = AAD54E0D21402A3500FCB22F;
					};
					AAD54E2C21402A3900FCB22F = {
						CreatedOnToolsVersion = 9.4.1;
						TestTargetID = AAD54E0D21402A3500FCB22F;
					};
				};
			};
			buildConfigurationList = AAD54E0921402A3500FCB22F /* Build configuration list for PBXProject "Flix" */;
			compatibilityVersion = "Xcode 9.3";
			developmentRegion = en;
			hasScannedForEncodings = 0;
			knownRegions = (
				en,
				Base,
			);
			mainGroup = AAD54E0521402A3500FCB22F;
			productRefGroup = AAD54E0F21402A3500FCB22F /* Products */;
			projectDirPath = "";
			projectRoot = "";
			targets = (
				AAD54E0D21402A3500FCB22F /* Flix */,
				AAD54E2121402A3900FCB22F /* FlixTests */,
				AAD54E2C21402A3900FCB22F /* FlixUITests */,
			);
		};
/* End PBXProject section */

/* Begin PBXResourcesBuildPhase section */
		AAD54E0C21402A3500FCB22F /* Resources */ = {
			isa = PBXResourcesBuildPhase;
			buildActionMask = 2147483647;
			files = (
				AAD54E1C21402A3800FCB22F /* LaunchScreen.storyboard in Resources */,
				AAD54E1921402A3800FCB22F /* Assets.xcassets in Resources */,
				AAD54E1721402A3500FCB22F /* Main.storyboard in Resources */,
			);
			runOnlyForDeploymentPostprocessing = 0;
		};
		AAD54E2021402A3900FCB22F /* Resources */ = {
			isa = PBXResourcesBuildPhase;
			buildActionMask = 2147483647;
			files = (
			);
			runOnlyForDeploymentPostprocessing = 0;
		};
		AAD54E2B21402A3900FCB22F /* Resources */ = {
			isa = PBXResourcesBuildPhase;
			buildActionMask = 2147483647;
			files = (
			);
			runOnlyForDeploymentPostprocessing = 0;
		};
/* End PBXResourcesBuildPhase section */

/* Begin PBXShellScriptBuildPhase section */
		2861335CC22132D0D327A3B6 /* [CP] Check Pods Manifest.lock */ = {
			isa = PBXShellScriptBuildPhase;
			buildActionMask = 2147483647;
			files = (
			);
			inputPaths = (
				"${PODS_PODFILE_DIR_PATH}/Podfile.lock",
				"${PODS_ROOT}/Manifest.lock",
			);
			name = "[CP] Check Pods Manifest.lock";
			outputPaths = (
				"$(DERIVED_FILE_DIR)/Pods-FlixUITests-checkManifestLockResult.txt",
			);
			runOnlyForDeploymentPostprocessing = 0;
			shellPath = /bin/sh;
			shellScript = "diff \"${PODS_PODFILE_DIR_PATH}/Podfile.lock\" \"${PODS_ROOT}/Manifest.lock\" > /dev/null\nif [ $? != 0 ] ; then\n    # print error to STDERR\n    echo \"error: The sandbox is not in sync with the Podfile.lock. Run 'pod install' or update your CocoaPods installation.\" >&2\n    exit 1\nfi\n# This output is used by Xcode 'outputs' to avoid re-running this script phase.\necho \"SUCCESS\" > \"${SCRIPT_OUTPUT_FILE_0}\"\n";
			showEnvVarsInLog = 0;
		};
		29259BFED86B65632BADCB17 /* [CP] Check Pods Manifest.lock */ = {
			isa = PBXShellScriptBuildPhase;
			buildActionMask = 2147483647;
			files = (
			);
			inputPaths = (
				"${PODS_PODFILE_DIR_PATH}/Podfile.lock",
				"${PODS_ROOT}/Manifest.lock",
			);
			name = "[CP] Check Pods Manifest.lock";
			outputPaths = (
				"$(DERIVED_FILE_DIR)/Pods-FlixTests-checkManifestLockResult.txt",
			);
			runOnlyForDeploymentPostprocessing = 0;
			shellPath = /bin/sh;
			shellScript = "diff \"${PODS_PODFILE_DIR_PATH}/Podfile.lock\" \"${PODS_ROOT}/Manifest.lock\" > /dev/null\nif [ $? != 0 ] ; then\n    # print error to STDERR\n    echo \"error: The sandbox is not in sync with the Podfile.lock. Run 'pod install' or update your CocoaPods installation.\" >&2\n    exit 1\nfi\n# This output is used by Xcode 'outputs' to avoid re-running this script phase.\necho \"SUCCESS\" > \"${SCRIPT_OUTPUT_FILE_0}\"\n";
			showEnvVarsInLog = 0;
		};
		3AF493C15842BE28F81AB2C6 /* [CP] Check Pods Manifest.lock */ = {
			isa = PBXShellScriptBuildPhase;
			buildActionMask = 2147483647;
			files = (
			);
			inputPaths = (
				"${PODS_PODFILE_DIR_PATH}/Podfile.lock",
				"${PODS_ROOT}/Manifest.lock",
			);
			name = "[CP] Check Pods Manifest.lock";
			outputPaths = (
				"$(DERIVED_FILE_DIR)/Pods-Flix-checkManifestLockResult.txt",
			);
			runOnlyForDeploymentPostprocessing = 0;
			shellPath = /bin/sh;
			shellScript = "diff \"${PODS_PODFILE_DIR_PATH}/Podfile.lock\" \"${PODS_ROOT}/Manifest.lock\" > /dev/null\nif [ $? != 0 ] ; then\n    # print error to STDERR\n    echo \"error: The sandbox is not in sync with the Podfile.lock. Run 'pod install' or update your CocoaPods installation.\" >&2\n    exit 1\nfi\n# This output is used by Xcode 'outputs' to avoid re-running this script phase.\necho \"SUCCESS\" > \"${SCRIPT_OUTPUT_FILE_0}\"\n";
			showEnvVarsInLog = 0;
		};
		E5DA89ACB5194252744C6C24 /* [CP] Embed Pods Frameworks */ = {
			isa = PBXShellScriptBuildPhase;
			buildActionMask = 2147483647;
			files = (
			);
			inputPaths = (
				"${SRCROOT}/Pods/Target Support Files/Pods-Flix/Pods-Flix-frameworks.sh",
				"${BUILT_PRODUCTS_DIR}/Alamofire/Alamofire.framework",
				"${BUILT_PRODUCTS_DIR}/AlamofireImage/AlamofireImage.framework",
				"${BUILT_PRODUCTS_DIR}/OAuthSwift/OAuthSwift.framework",
				"${BUILT_PRODUCTS_DIR}/OAuthSwiftAlamofire/OAuthSwiftAlamofire.framework",
			);
			name = "[CP] Embed Pods Frameworks";
			outputPaths = (
				"${TARGET_BUILD_DIR}/${FRAMEWORKS_FOLDER_PATH}/Alamofire.framework",
				"${TARGET_BUILD_DIR}/${FRAMEWORKS_FOLDER_PATH}/AlamofireImage.framework",
				"${TARGET_BUILD_DIR}/${FRAMEWORKS_FOLDER_PATH}/OAuthSwift.framework",
				"${TARGET_BUILD_DIR}/${FRAMEWORKS_FOLDER_PATH}/OAuthSwiftAlamofire.framework",
			);
			runOnlyForDeploymentPostprocessing = 0;
			shellPath = /bin/sh;
			shellScript = "\"${SRCROOT}/Pods/Target Support Files/Pods-Flix/Pods-Flix-frameworks.sh\"\n";
			showEnvVarsInLog = 0;
		};
/* End PBXShellScriptBuildPhase section */

/* Begin PBXSourcesBuildPhase section */
		AAD54E0A21402A3500FCB22F /* Sources */ = {
			isa = PBXSourcesBuildPhase;
			buildActionMask = 2147483647;
			files = (
				AA21733021412B4600EB3787 /* movieCell.swift in Sources */,
				AA21732E21403ACF00EB3787 /* NowPlayingViewController.swift in Sources */,
				AA6CC924214C0BBF006653EA /* PosterCell.swift in Sources */,
				AA09DECE2149721000C62353 /* DetailViewController.swift in Sources */,
				AA5889302142D3B400DB4A31 /* Connectivity.swift in Sources */,
				AA6CC926214C0C0D006653EA /* SuperHeroViewController.swift in Sources */,
				AAD54E1221402A3500FCB22F /* AppDelegate.swift in Sources */,
			);
			runOnlyForDeploymentPostprocessing = 0;
		};
		AAD54E1E21402A3900FCB22F /* Sources */ = {
			isa = PBXSourcesBuildPhase;
			buildActionMask = 2147483647;
			files = (
				AAD54E2721402A3900FCB22F /* FlixTests.swift in Sources */,
			);
			runOnlyForDeploymentPostprocessing = 0;
		};
		AAD54E2921402A3900FCB22F /* Sources */ = {
			isa = PBXSourcesBuildPhase;
			buildActionMask = 2147483647;
			files = (
				AAD54E3221402A3900FCB22F /* FlixUITests.swift in Sources */,
			);
			runOnlyForDeploymentPostprocessing = 0;
		};
/* End PBXSourcesBuildPhase section */

/* Begin PBXTargetDependency section */
		AAD54E2421402A3900FCB22F /* PBXTargetDependency */ = {
			isa = PBXTargetDependency;
			target = AAD54E0D21402A3500FCB22F /* Flix */;
			targetProxy = AAD54E2321402A3900FCB22F /* PBXContainerItemProxy */;
		};
		AAD54E2F21402A3900FCB22F /* PBXTargetDependency */ = {
			isa = PBXTargetDependency;
			target = AAD54E0D21402A3500FCB22F /* Flix */;
			targetProxy = AAD54E2E21402A3900FCB22F /* PBXContainerItemProxy */;
		};
/* End PBXTargetDependency section */

/* Begin PBXVariantGroup section */
		AAD54E1521402A3500FCB22F /* Main.storyboard */ = {
			isa = PBXVariantGroup;
			children = (
				AAD54E1621402A3500FCB22F /* Base */,
			);
			name = Main.storyboard;
			sourceTree = "<group>";
		};
		AAD54E1A21402A3800FCB22F /* LaunchScreen.storyboard */ = {
			isa = PBXVariantGroup;
			children = (
				AAD54E1B21402A3800FCB22F /* Base */,
			);
			name = LaunchScreen.storyboard;
			sourceTree = "<group>";
		};
/* End PBXVariantGroup section */

/* Begin XCBuildConfiguration section */
		AAD54E3421402A3900FCB22F /* Debug */ = {
			isa = XCBuildConfiguration;
			buildSettings = {
				ALWAYS_SEARCH_USER_PATHS = NO;
				CLANG_ANALYZER_NONNULL = YES;
				CLANG_ANALYZER_NUMBER_OBJECT_CONVERSION = YES_AGGRESSIVE;
				CLANG_CXX_LANGUAGE_STANDARD = "gnu++14";
				CLANG_CXX_LIBRARY = "libc++";
				CLANG_ENABLE_MODULES = YES;
				CLANG_ENABLE_OBJC_ARC = YES;
				CLANG_ENABLE_OBJC_WEAK = YES;
				CLANG_WARN_BLOCK_CAPTURE_AUTORELEASING = YES;
				CLANG_WARN_BOOL_CONVERSION = YES;
				CLANG_WARN_COMMA = YES;
				CLANG_WARN_CONSTANT_CONVERSION = YES;
				CLANG_WARN_DEPRECATED_OBJC_IMPLEMENTATIONS = YES;
				CLANG_WARN_DIRECT_OBJC_ISA_USAGE = YES_ERROR;
				CLANG_WARN_DOCUMENTATION_COMMENTS = YES;
				CLANG_WARN_EMPTY_BODY = YES;
				CLANG_WARN_ENUM_CONVERSION = YES;
				CLANG_WARN_INFINITE_RECURSION = YES;
				CLANG_WARN_INT_CONVERSION = YES;
				CLANG_WARN_NON_LITERAL_NULL_CONVERSION = YES;
				CLANG_WARN_OBJC_IMPLICIT_RETAIN_SELF = YES;
				CLANG_WARN_OBJC_LITERAL_CONVERSION = YES;
				CLANG_WARN_OBJC_ROOT_CLASS = YES_ERROR;
				CLANG_WARN_RANGE_LOOP_ANALYSIS = YES;
				CLANG_WARN_STRICT_PROTOTYPES = YES;
				CLANG_WARN_SUSPICIOUS_MOVE = YES;
				CLANG_WARN_UNGUARDED_AVAILABILITY = YES_AGGRESSIVE;
				CLANG_WARN_UNREACHABLE_CODE = YES;
				CLANG_WARN__DUPLICATE_METHOD_MATCH = YES;
				CODE_SIGN_IDENTITY = "iPhone Developer";
				COPY_PHASE_STRIP = NO;
				DEBUG_INFORMATION_FORMAT = dwarf;
				ENABLE_STRICT_OBJC_MSGSEND = YES;
				ENABLE_TESTABILITY = YES;
				GCC_C_LANGUAGE_STANDARD = gnu11;
				GCC_DYNAMIC_NO_PIC = NO;
				GCC_NO_COMMON_BLOCKS = YES;
				GCC_OPTIMIZATION_LEVEL = 0;
				GCC_PREPROCESSOR_DEFINITIONS = (
					"DEBUG=1",
					"$(inherited)",
				);
				GCC_WARN_64_TO_32_BIT_CONVERSION = YES;
				GCC_WARN_ABOUT_RETURN_TYPE = YES_ERROR;
				GCC_WARN_UNDECLARED_SELECTOR = YES;
				GCC_WARN_UNINITIALIZED_AUTOS = YES_AGGRESSIVE;
				GCC_WARN_UNUSED_FUNCTION = YES;
				GCC_WARN_UNUSED_VARIABLE = YES;
				IPHONEOS_DEPLOYMENT_TARGET = 11.4;
				MTL_ENABLE_DEBUG_INFO = YES;
				ONLY_ACTIVE_ARCH = YES;
				SDKROOT = iphoneos;
				SWIFT_ACTIVE_COMPILATION_CONDITIONS = DEBUG;
				SWIFT_OPTIMIZATION_LEVEL = "-Onone";
			};
			name = Debug;
		};
		AAD54E3521402A3900FCB22F /* Release */ = {
			isa = XCBuildConfiguration;
			buildSettings = {
				ALWAYS_SEARCH_USER_PATHS = NO;
				CLANG_ANALYZER_NONNULL = YES;
				CLANG_ANALYZER_NUMBER_OBJECT_CONVERSION = YES_AGGRESSIVE;
				CLANG_CXX_LANGUAGE_STANDARD = "gnu++14";
				CLANG_CXX_LIBRARY = "libc++";
				CLANG_ENABLE_MODULES = YES;
				CLANG_ENABLE_OBJC_ARC = YES;
				CLANG_ENABLE_OBJC_WEAK = YES;
				CLANG_WARN_BLOCK_CAPTURE_AUTORELEASING = YES;
				CLANG_WARN_BOOL_CONVERSION = YES;
				CLANG_WARN_COMMA = YES;
				CLANG_WARN_CONSTANT_CONVERSION = YES;
				CLANG_WARN_DEPRECATED_OBJC_IMPLEMENTATIONS = YES;
				CLANG_WARN_DIRECT_OBJC_ISA_USAGE = YES_ERROR;
				CLANG_WARN_DOCUMENTATION_COMMENTS = YES;
				CLANG_WARN_EMPTY_BODY = YES;
				CLANG_WARN_ENUM_CONVERSION = YES;
				CLANG_WARN_INFINITE_RECURSION = YES;
				CLANG_WARN_INT_CONVERSION = YES;
				CLANG_WARN_NON_LITERAL_NULL_CONVERSION = YES;
				CLANG_WARN_OBJC_IMPLICIT_RETAIN_SELF = YES;
				CLANG_WARN_OBJC_LITERAL_CONVERSION = YES;
				CLANG_WARN_OBJC_ROOT_CLASS = YES_ERROR;
				CLANG_WARN_RANGE_LOOP_ANALYSIS = YES;
				CLANG_WARN_STRICT_PROTOTYPES = YES;
				CLANG_WARN_SUSPICIOUS_MOVE = YES;
				CLANG_WARN_UNGUARDED_AVAILABILITY = YES_AGGRESSIVE;
				CLANG_WARN_UNREACHABLE_CODE = YES;
				CLANG_WARN__DUPLICATE_METHOD_MATCH = YES;
				CODE_SIGN_IDENTITY = "iPhone Developer";
				COPY_PHASE_STRIP = NO;
				DEBUG_INFORMATION_FORMAT = "dwarf-with-dsym";
				ENABLE_NS_ASSERTIONS = NO;
				ENABLE_STRICT_OBJC_MSGSEND = YES;
				GCC_C_LANGUAGE_STANDARD = gnu11;
				GCC_NO_COMMON_BLOCKS = YES;
				GCC_WARN_64_TO_32_BIT_CONVERSION = YES;
				GCC_WARN_ABOUT_RETURN_TYPE = YES_ERROR;
				GCC_WARN_UNDECLARED_SELECTOR = YES;
				GCC_WARN_UNINITIALIZED_AUTOS = YES_AGGRESSIVE;
				GCC_WARN_UNUSED_FUNCTION = YES;
				GCC_WARN_UNUSED_VARIABLE = YES;
				IPHONEOS_DEPLOYMENT_TARGET = 11.4;
				MTL_ENABLE_DEBUG_INFO = NO;
				SDKROOT = iphoneos;
				SWIFT_COMPILATION_MODE = wholemodule;
				SWIFT_OPTIMIZATION_LEVEL = "-O";
				VALIDATE_PRODUCT = YES;
			};
			name = Release;
		};
		AAD54E3721402A3900FCB22F /* Debug */ = {
			isa = XCBuildConfiguration;
			baseConfigurationReference = 18936F73AE37485ED3D2D941 /* Pods-Flix.debug.xcconfig */;
			buildSettings = {
				ASSETCATALOG_COMPILER_APPICON_NAME = AppIcon;
				CODE_SIGN_STYLE = Automatic;
				DEVELOPMENT_TEAM = 966D857F3T;
				INFOPLIST_FILE = Flix/Info.plist;
				LD_RUNPATH_SEARCH_PATHS = (
					"$(inherited)",
					"@executable_path/Frameworks",
				);
				PRODUCT_BUNDLE_IDENTIFIER = "Cisco.Flix-CodePath";
				PRODUCT_NAME = "$(TARGET_NAME)";
				SWIFT_VERSION = 4.0;
				TARGETED_DEVICE_FAMILY = "1,2";
			};
			name = Debug;
		};
		AAD54E3821402A3900FCB22F /* Release */ = {
			isa = XCBuildConfiguration;
			baseConfigurationReference = 652918EDA35F3C7ED5B0041B /* Pods-Flix.release.xcconfig */;
			buildSettings = {
				ASSETCATALOG_COMPILER_APPICON_NAME = AppIcon;
				CODE_SIGN_STYLE = Automatic;
				DEVELOPMENT_TEAM = 966D857F3T;
				INFOPLIST_FILE = Flix/Info.plist;
				LD_RUNPATH_SEARCH_PATHS = (
					"$(inherited)",
					"@executable_path/Frameworks",
				);
				PRODUCT_BUNDLE_IDENTIFIER = "Cisco.Flix-CodePath";
				PRODUCT_NAME = "$(TARGET_NAME)";
				SWIFT_VERSION = 4.0;
				TARGETED_DEVICE_FAMILY = "1,2";
			};
			name = Release;
		};
		AAD54E3A21402A3900FCB22F /* Debug */ = {
			isa = XCBuildConfiguration;
			baseConfigurationReference = D2398727548ABE91CB4618ED /* Pods-FlixTests.debug.xcconfig */;
			buildSettings = {
				ALWAYS_EMBED_SWIFT_STANDARD_LIBRARIES = YES;
				BUNDLE_LOADER = "$(TEST_HOST)";
				CODE_SIGN_STYLE = Automatic;
				DEVELOPMENT_TEAM = 966D857F3T;
				INFOPLIST_FILE = FlixTests/Info.plist;
				LD_RUNPATH_SEARCH_PATHS = (
					"$(inherited)",
					"@executable_path/Frameworks",
					"@loader_path/Frameworks",
				);
				PRODUCT_BUNDLE_IDENTIFIER = Cisco.FlixTests;
				PRODUCT_NAME = "$(TARGET_NAME)";
				SWIFT_VERSION = 4.0;
				TARGETED_DEVICE_FAMILY = "1,2";
				TEST_HOST = "$(BUILT_PRODUCTS_DIR)/Flix.app/Flix";
			};
			name = Debug;
		};
		AAD54E3B21402A3900FCB22F /* Release */ = {
			isa = XCBuildConfiguration;
			baseConfigurationReference = 067C4215B1F4D1F0FBC410E3 /* Pods-FlixTests.release.xcconfig */;
			buildSettings = {
				ALWAYS_EMBED_SWIFT_STANDARD_LIBRARIES = YES;
				BUNDLE_LOADER = "$(TEST_HOST)";
				CODE_SIGN_STYLE = Automatic;
				DEVELOPMENT_TEAM = 966D857F3T;
				INFOPLIST_FILE = FlixTests/Info.plist;
				LD_RUNPATH_SEARCH_PATHS = (
					"$(inherited)",
					"@executable_path/Frameworks",
					"@loader_path/Frameworks",
				);
				PRODUCT_BUNDLE_IDENTIFIER = Cisco.FlixTests;
				PRODUCT_NAME = "$(TARGET_NAME)";
				SWIFT_VERSION = 4.0;
				TARGETED_DEVICE_FAMILY = "1,2";
				TEST_HOST = "$(BUILT_PRODUCTS_DIR)/Flix.app/Flix";
			};
			name = Release;
		};
		AAD54E3D21402A3900FCB22F /* Debug */ = {
			isa = XCBuildConfiguration;
			baseConfigurationReference = 8D39F69B6A9CF10AC7A290F2 /* Pods-FlixUITests.debug.xcconfig */;
			buildSettings = {
				ALWAYS_EMBED_SWIFT_STANDARD_LIBRARIES = YES;
				CODE_SIGN_STYLE = Automatic;
				DEVELOPMENT_TEAM = 966D857F3T;
				INFOPLIST_FILE = FlixUITests/Info.plist;
				LD_RUNPATH_SEARCH_PATHS = (
					"$(inherited)",
					"@executable_path/Frameworks",
					"@loader_path/Frameworks",
				);
				PRODUCT_BUNDLE_IDENTIFIER = Cisco.FlixUITests;
				PRODUCT_NAME = "$(TARGET_NAME)";
				SWIFT_VERSION = 4.0;
				TARGETED_DEVICE_FAMILY = "1,2";
				TEST_TARGET_NAME = Flix;
			};
			name = Debug;
		};
		AAD54E3E21402A3900FCB22F /* Release */ = {
			isa = XCBuildConfiguration;
			baseConfigurationReference = 7C53C144941AD2778D21367A /* Pods-FlixUITests.release.xcconfig */;
			buildSettings = {
				ALWAYS_EMBED_SWIFT_STANDARD_LIBRARIES = YES;
				CODE_SIGN_STYLE = Automatic;
				DEVELOPMENT_TEAM = 966D857F3T;
				INFOPLIST_FILE = FlixUITests/Info.plist;
				LD_RUNPATH_SEARCH_PATHS = (
					"$(inherited)",
					"@executable_path/Frameworks",
					"@loader_path/Frameworks",
				);
				PRODUCT_BUNDLE_IDENTIFIER = Cisco.FlixUITests;
				PRODUCT_NAME = "$(TARGET_NAME)";
				SWIFT_VERSION = 4.0;
				TARGETED_DEVICE_FAMILY = "1,2";
				TEST_TARGET_NAME = Flix;
			};
			name = Release;
		};
/* End XCBuildConfiguration section */

/* Begin XCConfigurationList section */
		AAD54E0921402A3500FCB22F /* Build configuration list for PBXProject "Flix" */ = {
			isa = XCConfigurationList;
			buildConfigurations = (
				AAD54E3421402A3900FCB22F /* Debug */,
				AAD54E3521402A3900FCB22F /* Release */,
			);
			defaultConfigurationIsVisible = 0;
			defaultConfigurationName = Release;
		};
		AAD54E3621402A3900FCB22F /* Build configuration list for PBXNativeTarget "Flix" */ = {
			isa = XCConfigurationList;
			buildConfigurations = (
				AAD54E3721402A3900FCB22F /* Debug */,
				AAD54E3821402A3900FCB22F /* Release */,
			);
			defaultConfigurationIsVisible = 0;
			defaultConfigurationName = Release;
		};
		AAD54E3921402A3900FCB22F /* Build configuration list for PBXNativeTarget "FlixTests" */ = {
			isa = XCConfigurationList;
			buildConfigurations = (
				AAD54E3A21402A3900FCB22F /* Debug */,
				AAD54E3B21402A3900FCB22F /* Release */,
			);
			defaultConfigurationIsVisible = 0;
			defaultConfigurationName = Release;
		};
		AAD54E3C21402A3900FCB22F /* Build configuration list for PBXNativeTarget "FlixUITests" */ = {
			isa = XCConfigurationList;
			buildConfigurations = (
				AAD54E3D21402A3900FCB22F /* Debug */,
				AAD54E3E21402A3900FCB22F /* Release */,
			);
			defaultConfigurationIsVisible = 0;
			defaultConfigurationName = Release;
		};
/* End XCConfigurationList section */
	};
	rootObject = AAD54E0621402A3500FCB22F /* Project object */;
}
